
Microsoft Visual Studio Solution File, Format Version 12.00
# Visual Studio Version 17
VisualStudioVersion = 17.8.34330.188
MinimumVisualStudioVersion = 10.0.40219.1
Project("{9A19103F-16F7-4668-BE54-9A1E7A4F7556}") = "ThucTapLTSedu", "ThucTapLTSedu\ThucTapLTSedu.csproj", "{D52ABA5B-EC35-407F-94B4-15600713F859}"
EndProject
Global
	GlobalSection(SolutionConfigurationPlatforms) = preSolution
		Debug|Any CPU = Debug|Any CPU
		Release|Any CPU = Release|Any CPU
	EndGlobalSection
	GlobalSection(ProjectConfigurationPlatforms) = postSolution
		{D52ABA5B-EC35-407F-94B4-15600713F859}.Debug|Any CPU.ActiveCfg = Debug|Any CPU
		{D52ABA5B-EC35-407F-94B4-15600713F859}.Debug|Any CPU.Build.0 = Debug|Any CPU
		{D52ABA5B-EC35-407F-94B4-15600713F859}.Release|Any CPU.ActiveCfg = Release|Any CPU
		{D52ABA5B-EC35-407F-94B4-15600713F859}.Release|Any CPU.Build.0 = Release|Any CPU
	EndGlobalSection
	GlobalSection(SolutionProperties) = preSolution
		HideSolutionNode = FALSE
	EndGlobalSection
	GlobalSection(ExtensibilityGlobals) = postSolution
		SolutionGuid = {EA3B6577-851B-433B-8669-CF696998C64D}
	EndGlobalSection
EndGlobal
